// !$*UTF8*$!
{
	archiveVersion = 1;
	classes = {
	};
	objectVersion = 46;
	objects = {

/* Begin PBXBuildFile section */
		4716A0831B4DC0D00094DB34 /* main.m in Sources */ = {isa = PBXBuildFile; fileRef = 4716A0821B4DC0D00094DB34 /* main.m */; };
		4716A0861B4DC0D00094DB34 /* AppDelegate.m in Sources */ = {isa = PBXBuildFile; fileRef = 4716A0851B4DC0D00094DB34 /* AppDelegate.m */; };
		4716A08F1B4DC0D00094DB34 /* Main.storyboard in Resources */ = {isa = PBXBuildFile; fileRef = 4716A08D1B4DC0D00094DB34 /* Main.storyboard */; };
		4716A0911B4DC0D00094DB34 /* Images.xcassets in Resources */ = {isa = PBXBuildFile; fileRef = 4716A0901B4DC0D00094DB34 /* Images.xcassets */; };
		4716A0941B4DC0D00094DB34 /* LaunchScreen.xib in Resources */ = {isa = PBXBuildFile; fileRef = 4716A0921B4DC0D00094DB34 /* LaunchScreen.xib */; };
		4716A0A01B4DC0D10094DB34 /* Simple_ReaderTests.m in Sources */ = {isa = PBXBuildFile; fileRef = 4716A09F1B4DC0D10094DB34 /* Simple_ReaderTests.m */; };
		4716A0B11B4DCD340094DB34 /* PreviewTableViewController.m in Sources */ = {isa = PBXBuildFile; fileRef = 4716A0B01B4DCD340094DB34 /* PreviewTableViewController.m */; };
		4716A0B71B4DD3B40094DB34 /* Edition.m in Sources */ = {isa = PBXBuildFile; fileRef = 4716A0B61B4DD3B40094DB34 /* Edition.m */; };
		4716A0BE1B4DD5DB0094DB34 /* PreviewTableViewCell.m in Sources */ = {isa = PBXBuildFile; fileRef = 4716A0BD1B4DD5DB0094DB34 /* PreviewTableViewCell.m */; };
		4716A0C11B4DF15B0094DB34 /* downloading2@2x.png in Resources */ = {isa = PBXBuildFile; fileRef = 4716A0C01B4DF15B0094DB34 /* downloading2@2x.png */; };
		4716A0C31B4DF20F0094DB34 /* downloading1@2x.png in Resources */ = {isa = PBXBuildFile; fileRef = 4716A0C21B4DF20F0094DB34 /* downloading1@2x.png */; };
		4716A0C61B4DF2CC0094DB34 /* downloading1.png in Resources */ = {isa = PBXBuildFile; fileRef = 4716A0C41B4DF2CC0094DB34 /* downloading1.png */; };
		4716A0C71B4DF2CC0094DB34 /* downloading2.png in Resources */ = {isa = PBXBuildFile; fileRef = 4716A0C51B4DF2CC0094DB34 /* downloading2.png */; };
		4716A0CE1B4DF3DE0094DB34 /* okay.png in Resources */ = {isa = PBXBuildFile; fileRef = 4716A0CC1B4DF3DE0094DB34 /* okay.png */; };
		4716A0CF1B4DF3DE0094DB34 /* okay@2x.png in Resources */ = {isa = PBXBuildFile; fileRef = 4716A0CD1B4DF3DE0094DB34 /* okay@2x.png */; };
		4716A0D41B4DFD600094DB34 /* PDFViewController.m in Sources */ = {isa = PBXBuildFile; fileRef = 4716A0D31B4DFD600094DB34 /* PDFViewController.m */; };
		4724050E1BA2C57C003EBF6D /* Keychain.m in Sources */ = {isa = PBXBuildFile; fileRef = 4724050D1BA2C57C003EBF6D /* Keychain.m */; };
		472405141BA2D329003EBF6D /* RegisterViewController.m in Sources */ = {isa = PBXBuildFile; fileRef = 472405131BA2D329003EBF6D /* RegisterViewController.m */; };
		47E49E811B505EC5009D32DA /* cloud@2x.png in Resources */ = {isa = PBXBuildFile; fileRef = 47E49E801B505EC5009D32DA /* cloud@2x.png */; };
		47E49E831B505F11009D32DA /* cloud.png in Resources */ = {isa = PBXBuildFile; fileRef = 47E49E821B505F11009D32DA /* cloud.png */; };
		47E49E861B5135A3009D32DA /* FileDownload.m in Sources */ = {isa = PBXBuildFile; fileRef = 47E49E851B5135A3009D32DA /* FileDownload.m */; };
		47EA763D1B5BC99700FF131C /* paused@2x.png in Resources */ = {isa = PBXBuildFile; fileRef = 47EA763B1B5BC99700FF131C /* paused@2x.png */; };
		47EA763E1B5BC99700FF131C /* paused.png in Resources */ = {isa = PBXBuildFile; fileRef = 47EA763C1B5BC99700FF131C /* paused.png */; };
		47EA76401B5BF2C900FF131C /* VCP-Wortbildmarke-RGB-128px.png in Resources */ = {isa = PBXBuildFile; fileRef = 47EA763F1B5BF2C900FF131C /* VCP-Wortbildmarke-RGB-128px.png */; };
/* End PBXBuildFile section */

/* Begin PBXContainerItemProxy section */
		4716A09A1B4DC0D10094DB34 /* PBXContainerItemProxy */ = {
			isa = PBXContainerItemProxy;
			containerPortal = 4716A0751B4DC0D00094DB34 /* Project object */;
			proxyType = 1;
			remoteGlobalIDString = 4716A07C1B4DC0D00094DB34;
			remoteInfo = "Simple Reader";
		};
/* End PBXContainerItemProxy section */

/* Begin PBXFileReference section */
		4716A07D1B4DC0D00094DB34 /* Hesseblättche.app */ = {isa = PBXFileReference; explicitFileType = wrapper.application; includeInIndex = 0; path = "Hesseblättche.app"; sourceTree = BUILT_PRODUCTS_DIR; };
		4716A0811B4DC0D00094DB34 /* Info.plist */ = {isa = PBXFileReference; lastKnownFileType = text.plist.xml; path = Info.plist; sourceTree = "<group>"; };
		4716A0821B4DC0D00094DB34 /* main.m */ = {isa = PBXFileReference; lastKnownFileType = sourcecode.c.objc; path = main.m; sourceTree = "<group>"; };
		4716A0841B4DC0D00094DB34 /* AppDelegate.h */ = {isa = PBXFileReference; lastKnownFileType = sourcecode.c.h; path = AppDelegate.h; sourceTree = "<group>"; };
		4716A0851B4DC0D00094DB34 /* AppDelegate.m */ = {isa = PBXFileReference; lastKnownFileType = sourcecode.c.objc; path = AppDelegate.m; sourceTree = "<group>"; };
		4716A08E1B4DC0D00094DB34 /* Base */ = {isa = PBXFileReference; lastKnownFileType = file.storyboard; name = Base; path = Base.lproj/Main.storyboard; sourceTree = "<group>"; };
		4716A0901B4DC0D00094DB34 /* Images.xcassets */ = {isa = PBXFileReference; lastKnownFileType = folder.assetcatalog; path = Images.xcassets; sourceTree = "<group>"; };
		4716A0931B4DC0D00094DB34 /* Base */ = {isa = PBXFileReference; lastKnownFileType = file.xib; name = Base; path = Base.lproj/LaunchScreen.xib; sourceTree = "<group>"; };
		4716A0991B4DC0D10094DB34 /* Simple ReaderTests.xctest */ = {isa = PBXFileReference; explicitFileType = wrapper.cfbundle; includeInIndex = 0; path = "Simple ReaderTests.xctest"; sourceTree = BUILT_PRODUCTS_DIR; };
		4716A09E1B4DC0D10094DB34 /* Info.plist */ = {isa = PBXFileReference; lastKnownFileType = text.plist.xml; path = Info.plist; sourceTree = "<group>"; };
		4716A09F1B4DC0D10094DB34 /* Simple_ReaderTests.m */ = {isa = PBXFileReference; lastKnownFileType = sourcecode.c.objc; path = Simple_ReaderTests.m; sourceTree = "<group>"; };
		4716A0AF1B4DCD340094DB34 /* PreviewTableViewController.h */ = {isa = PBXFileReference; fileEncoding = 4; lastKnownFileType = sourcecode.c.h; path = PreviewTableViewController.h; sourceTree = "<group>"; };
		4716A0B01B4DCD340094DB34 /* PreviewTableViewController.m */ = {isa = PBXFileReference; fileEncoding = 4; lastKnownFileType = sourcecode.c.objc; path = PreviewTableViewController.m; sourceTree = "<group>"; };
		4716A0B51B4DD3B40094DB34 /* Edition.h */ = {isa = PBXFileReference; fileEncoding = 4; lastKnownFileType = sourcecode.c.h; path = Edition.h; sourceTree = "<group>"; };
		4716A0B61B4DD3B40094DB34 /* Edition.m */ = {isa = PBXFileReference; fileEncoding = 4; lastKnownFileType = sourcecode.c.objc; path = Edition.m; sourceTree = "<group>"; };
		4716A0BC1B4DD5DB0094DB34 /* PreviewTableViewCell.h */ = {isa = PBXFileReference; fileEncoding = 4; lastKnownFileType = sourcecode.c.h; path = PreviewTableViewCell.h; sourceTree = "<group>"; };
		4716A0BD1B4DD5DB0094DB34 /* PreviewTableViewCell.m */ = {isa = PBXFileReference; fileEncoding = 4; lastKnownFileType = sourcecode.c.objc; path = PreviewTableViewCell.m; sourceTree = "<group>"; };
		4716A0C01B4DF15B0094DB34 /* downloading2@2x.png */ = {isa = PBXFileReference; lastKnownFileType = image.png; path = "downloading2@2x.png"; sourceTree = "<group>"; };
		4716A0C21B4DF20F0094DB34 /* downloading1@2x.png */ = {isa = PBXFileReference; lastKnownFileType = image.png; path = "downloading1@2x.png"; sourceTree = "<group>"; };
		4716A0C41B4DF2CC0094DB34 /* downloading1.png */ = {isa = PBXFileReference; lastKnownFileType = image.png; path = downloading1.png; sourceTree = "<group>"; };
		4716A0C51B4DF2CC0094DB34 /* downloading2.png */ = {isa = PBXFileReference; lastKnownFileType = image.png; path = downloading2.png; sourceTree = "<group>"; };
		4716A0CC1B4DF3DE0094DB34 /* okay.png */ = {isa = PBXFileReference; lastKnownFileType = image.png; path = okay.png; sourceTree = "<group>"; };
		4716A0CD1B4DF3DE0094DB34 /* okay@2x.png */ = {isa = PBXFileReference; lastKnownFileType = image.png; path = "okay@2x.png"; sourceTree = "<group>"; };
		4716A0D21B4DFD600094DB34 /* PDFViewController.h */ = {isa = PBXFileReference; fileEncoding = 4; lastKnownFileType = sourcecode.c.h; path = PDFViewController.h; sourceTree = "<group>"; };
		4716A0D31B4DFD600094DB34 /* PDFViewController.m */ = {isa = PBXFileReference; fileEncoding = 4; lastKnownFileType = sourcecode.c.objc; path = PDFViewController.m; sourceTree = "<group>"; };
		4724050C1BA2C57C003EBF6D /* Keychain.h */ = {isa = PBXFileReference; fileEncoding = 4; lastKnownFileType = sourcecode.c.h; path = Keychain.h; sourceTree = "<group>"; };
		4724050D1BA2C57C003EBF6D /* Keychain.m */ = {isa = PBXFileReference; fileEncoding = 4; lastKnownFileType = sourcecode.c.objc; path = Keychain.m; sourceTree = "<group>"; };
		472405121BA2D329003EBF6D /* RegisterViewController.h */ = {isa = PBXFileReference; fileEncoding = 4; lastKnownFileType = sourcecode.c.h; path = RegisterViewController.h; sourceTree = "<group>"; };
		472405131BA2D329003EBF6D /* RegisterViewController.m */ = {isa = PBXFileReference; fileEncoding = 4; lastKnownFileType = sourcecode.c.objc; path = RegisterViewController.m; sourceTree = "<group>"; };
		47E49E801B505EC5009D32DA /* cloud@2x.png */ = {isa = PBXFileReference; lastKnownFileType = image.png; path = "cloud@2x.png"; sourceTree = "<group>"; };
		47E49E821B505F11009D32DA /* cloud.png */ = {isa = PBXFileReference; lastKnownFileType = image.png; path = cloud.png; sourceTree = "<group>"; };
		47E49E841B5135A3009D32DA /* FileDownload.h */ = {isa = PBXFileReference; fileEncoding = 4; lastKnownFileType = sourcecode.c.h; path = FileDownload.h; sourceTree = "<group>"; };
		47E49E851B5135A3009D32DA /* FileDownload.m */ = {isa = PBXFileReference; fileEncoding = 4; lastKnownFileType = sourcecode.c.objc; path = FileDownload.m; sourceTree = "<group>"; };
		47EA763B1B5BC99700FF131C /* paused@2x.png */ = {isa = PBXFileReference; lastKnownFileType = image.png; path = "paused@2x.png"; sourceTree = "<group>"; };
		47EA763C1B5BC99700FF131C /* paused.png */ = {isa = PBXFileReference; lastKnownFileType = image.png; path = paused.png; sourceTree = "<group>"; };
		47EA763F1B5BF2C900FF131C /* VCP-Wortbildmarke-RGB-128px.png */ = {isa = PBXFileReference; lastKnownFileType = image.png; path = "VCP-Wortbildmarke-RGB-128px.png"; sourceTree = "<group>"; };
/* End PBXFileReference section */

/* Begin PBXFrameworksBuildPhase section */
		4716A07A1B4DC0D00094DB34 /* Frameworks */ = {
			isa = PBXFrameworksBuildPhase;
			buildActionMask = 2147483647;
			files = (
			);
			runOnlyForDeploymentPostprocessing = 0;
		};
		4716A0961B4DC0D10094DB34 /* Frameworks */ = {
			isa = PBXFrameworksBuildPhase;
			buildActionMask = 2147483647;
			files = (
			);
			runOnlyForDeploymentPostprocessing = 0;
		};
/* End PBXFrameworksBuildPhase section */

/* Begin PBXGroup section */
		4716A0741B4DC0D00094DB34 = {
			isa = PBXGroup;
			children = (
				4716A07F1B4DC0D00094DB34 /* Simple Reader */,
				4716A09C1B4DC0D10094DB34 /* Simple ReaderTests */,
				4716A07E1B4DC0D00094DB34 /* Products */,
			);
			sourceTree = "<group>";
		};
		4716A07E1B4DC0D00094DB34 /* Products */ = {
			isa = PBXGroup;
			children = (
				4716A07D1B4DC0D00094DB34 /* Hesseblättche.app */,
				4716A0991B4DC0D10094DB34 /* Simple ReaderTests.xctest */,
			);
			name = Products;
			sourceTree = "<group>";
		};
		4716A07F1B4DC0D00094DB34 /* Simple Reader */ = {
			isa = PBXGroup;
			children = (
				4724050C1BA2C57C003EBF6D /* Keychain.h */,
				4724050D1BA2C57C003EBF6D /* Keychain.m */,
				4716A0BF1B4DF1520094DB34 /* Icons */,
				4716A0B81B4DD5670094DB34 /* View */,
				4716A0B21B4DCDEF0094DB34 /* Model */,
				4716A0841B4DC0D00094DB34 /* AppDelegate.h */,
				4716A0851B4DC0D00094DB34 /* AppDelegate.m */,
				4716A08D1B4DC0D00094DB34 /* Main.storyboard */,
				4716A0901B4DC0D00094DB34 /* Images.xcassets */,
				4716A0921B4DC0D00094DB34 /* LaunchScreen.xib */,
				4716A0801B4DC0D00094DB34 /* Supporting Files */,
			);
			path = "Simple Reader";
			sourceTree = "<group>";
		};
		4716A0801B4DC0D00094DB34 /* Supporting Files */ = {
			isa = PBXGroup;
			children = (
				4716A0811B4DC0D00094DB34 /* Info.plist */,
				4716A0821B4DC0D00094DB34 /* main.m */,
			);
			name = "Supporting Files";
			sourceTree = "<group>";
		};
		4716A09C1B4DC0D10094DB34 /* Simple ReaderTests */ = {
			isa = PBXGroup;
			children = (
				4716A09F1B4DC0D10094DB34 /* Simple_ReaderTests.m */,
				4716A09D1B4DC0D10094DB34 /* Supporting Files */,
			);
			path = "Simple ReaderTests";
			sourceTree = "<group>";
		};
		4716A09D1B4DC0D10094DB34 /* Supporting Files */ = {
			isa = PBXGroup;
			children = (
				4716A09E1B4DC0D10094DB34 /* Info.plist */,
			);
			name = "Supporting Files";
			sourceTree = "<group>";
		};
		4716A0B21B4DCDEF0094DB34 /* Model */ = {
			isa = PBXGroup;
			children = (
				4716A0B51B4DD3B40094DB34 /* Edition.h */,
				4716A0B61B4DD3B40094DB34 /* Edition.m */,
				47E49E841B5135A3009D32DA /* FileDownload.h */,
				47E49E851B5135A3009D32DA /* FileDownload.m */,
			);
			name = Model;
			sourceTree = "<group>";
		};
		4716A0B81B4DD5670094DB34 /* View */ = {
			isa = PBXGroup;
			children = (
				4716A0AF1B4DCD340094DB34 /* PreviewTableViewController.h */,
				4716A0B01B4DCD340094DB34 /* PreviewTableViewController.m */,
				4716A0BC1B4DD5DB0094DB34 /* PreviewTableViewCell.h */,
				4716A0BD1B4DD5DB0094DB34 /* PreviewTableViewCell.m */,
				4716A0D21B4DFD600094DB34 /* PDFViewController.h */,
				4716A0D31B4DFD600094DB34 /* PDFViewController.m */,
				472405121BA2D329003EBF6D /* RegisterViewController.h */,
				472405131BA2D329003EBF6D /* RegisterViewController.m */,
			);
			name = View;
			sourceTree = "<group>";
		};
		4716A0BF1B4DF1520094DB34 /* Icons */ = {
			isa = PBXGroup;
			children = (
				47EA763F1B5BF2C900FF131C /* VCP-Wortbildmarke-RGB-128px.png */,
				47EA763B1B5BC99700FF131C /* paused@2x.png */,
				47EA763C1B5BC99700FF131C /* paused.png */,
				47E49E801B505EC5009D32DA /* cloud@2x.png */,
				47E49E821B505F11009D32DA /* cloud.png */,
				4716A0C21B4DF20F0094DB34 /* downloading1@2x.png */,
				4716A0C41B4DF2CC0094DB34 /* downloading1.png */,
				4716A0C01B4DF15B0094DB34 /* downloading2@2x.png */,
				4716A0C51B4DF2CC0094DB34 /* downloading2.png */,
				4716A0CC1B4DF3DE0094DB34 /* okay.png */,
				4716A0CD1B4DF3DE0094DB34 /* okay@2x.png */,
			);
			name = Icons;
			sourceTree = "<group>";
		};
/* End PBXGroup section */

/* Begin PBXNativeTarget section */
		4716A07C1B4DC0D00094DB34 /* Simple Reader */ = {
			isa = PBXNativeTarget;
			buildConfigurationList = 4716A0A31B4DC0D10094DB34 /* Build configuration list for PBXNativeTarget "Simple Reader" */;
			buildPhases = (
				4716A0791B4DC0D00094DB34 /* Sources */,
				4716A07A1B4DC0D00094DB34 /* Frameworks */,
				4716A07B1B4DC0D00094DB34 /* Resources */,
			);
			buildRules = (
			);
			dependencies = (
			);
			name = "Simple Reader";
			productName = "Simple Reader";
			productReference = 4716A07D1B4DC0D00094DB34 /* Hesseblättche.app */;
			productType = "com.apple.product-type.application";
		};
		4716A0981B4DC0D10094DB34 /* Simple ReaderTests */ = {
			isa = PBXNativeTarget;
			buildConfigurationList = 4716A0A61B4DC0D10094DB34 /* Build configuration list for PBXNativeTarget "Simple ReaderTests" */;
			buildPhases = (
				4716A0951B4DC0D10094DB34 /* Sources */,
				4716A0961B4DC0D10094DB34 /* Frameworks */,
				4716A0971B4DC0D10094DB34 /* Resources */,
			);
			buildRules = (
			);
			dependencies = (
				4716A09B1B4DC0D10094DB34 /* PBXTargetDependency */,
			);
			name = "Simple ReaderTests";
			productName = "Simple ReaderTests";
			productReference = 4716A0991B4DC0D10094DB34 /* Simple ReaderTests.xctest */;
			productType = "com.apple.product-type.bundle.unit-test";
		};
/* End PBXNativeTarget section */

/* Begin PBXProject section */
		4716A0751B4DC0D00094DB34 /* Project object */ = {
			isa = PBXProject;
			attributes = {
				LastUpgradeCheck = 0640;
				ORGANIZATIONNAME = vcp;
				TargetAttributes = {
					4716A07C1B4DC0D00094DB34 = {
						CreatedOnToolsVersion = 6.4;
						SystemCapabilities = {
							com.apple.BackgroundModes = {
								enabled = 1;
							};
						};
					};
					4716A0981B4DC0D10094DB34 = {
						CreatedOnToolsVersion = 6.4;
						TestTargetID = 4716A07C1B4DC0D00094DB34;
					};
				};
			};
			buildConfigurationList = 4716A0781B4DC0D00094DB34 /* Build configuration list for PBXProject "Simple Reader" */;
			compatibilityVersion = "Xcode 3.2";
			developmentRegion = English;
			hasScannedForEncodings = 0;
			knownRegions = (
				en,
				Base,
			);
			mainGroup = 4716A0741B4DC0D00094DB34;
			productRefGroup = 4716A07E1B4DC0D00094DB34 /* Products */;
			projectDirPath = "";
			projectRoot = "";
			targets = (
				4716A07C1B4DC0D00094DB34 /* Simple Reader */,
				4716A0981B4DC0D10094DB34 /* Simple ReaderTests */,
			);
		};
/* End PBXProject section */

/* Begin PBXResourcesBuildPhase section */
		4716A07B1B4DC0D00094DB34 /* Resources */ = {
			isa = PBXResourcesBuildPhase;
			buildActionMask = 2147483647;
			files = (
				47EA763D1B5BC99700FF131C /* paused@2x.png in Resources */,
				47EA763E1B5BC99700FF131C /* paused.png in Resources */,
				4716A08F1B4DC0D00094DB34 /* Main.storyboard in Resources */,
				4716A0C11B4DF15B0094DB34 /* downloading2@2x.png in Resources */,
				47E49E811B505EC5009D32DA /* cloud@2x.png in Resources */,
				47EA76401B5BF2C900FF131C /* VCP-Wortbildmarke-RGB-128px.png in Resources */,
				4716A0941B4DC0D00094DB34 /* LaunchScreen.xib in Resources */,
				4716A0911B4DC0D00094DB34 /* Images.xcassets in Resources */,
				4716A0C71B4DF2CC0094DB34 /* downloading2.png in Resources */,
				4716A0CF1B4DF3DE0094DB34 /* okay@2x.png in Resources */,
				4716A0C31B4DF20F0094DB34 /* downloading1@2x.png in Resources */,
				4716A0CE1B4DF3DE0094DB34 /* okay.png in Resources */,
				4716A0C61B4DF2CC0094DB34 /* downloading1.png in Resources */,
				47E49E831B505F11009D32DA /* cloud.png in Resources */,
			);
			runOnlyForDeploymentPostprocessing = 0;
		};
		4716A0971B4DC0D10094DB34 /* Resources */ = {
			isa = PBXResourcesBuildPhase;
			buildActionMask = 2147483647;
			files = (
			);
			runOnlyForDeploymentPostprocessing = 0;
		};
/* End PBXResourcesBuildPhase section */

/* Begin PBXSourcesBuildPhase section */
		4716A0791B4DC0D00094DB34 /* Sources */ = {
			isa = PBXSourcesBuildPhase;
			buildActionMask = 2147483647;
			files = (
				47E49E861B5135A3009D32DA /* FileDownload.m in Sources */,
				4724050E1BA2C57C003EBF6D /* Keychain.m in Sources */,
				4716A0B71B4DD3B40094DB34 /* Edition.m in Sources */,
				4716A0861B4DC0D00094DB34 /* AppDelegate.m in Sources */,
				472405141BA2D329003EBF6D /* RegisterViewController.m in Sources */,
				4716A0BE1B4DD5DB0094DB34 /* PreviewTableViewCell.m in Sources */,
				4716A0B11B4DCD340094DB34 /* PreviewTableViewController.m in Sources */,
				4716A0831B4DC0D00094DB34 /* main.m in Sources */,
				4716A0D41B4DFD600094DB34 /* PDFViewController.m in Sources */,
			);
			runOnlyForDeploymentPostprocessing = 0;
		};
		4716A0951B4DC0D10094DB34 /* Sources */ = {
			isa = PBXSourcesBuildPhase;
			buildActionMask = 2147483647;
			files = (
				4716A0A01B4DC0D10094DB34 /* Simple_ReaderTests.m in Sources */,
			);
			runOnlyForDeploymentPostprocessing = 0;
		};
/* End PBXSourcesBuildPhase section */

/* Begin PBXTargetDependency section */
		4716A09B1B4DC0D10094DB34 /* PBXTargetDependency */ = {
			isa = PBXTargetDependency;
			target = 4716A07C1B4DC0D00094DB34 /* Simple Reader */;
			targetProxy = 4716A09A1B4DC0D10094DB34 /* PBXContainerItemProxy */;
		};
/* End PBXTargetDependency section */

/* Begin PBXVariantGroup section */
		4716A08D1B4DC0D00094DB34 /* Main.storyboard */ = {
			isa = PBXVariantGroup;
			children = (
				4716A08E1B4DC0D00094DB34 /* Base */,
			);
			name = Main.storyboard;
			sourceTree = "<group>";
		};
		4716A0921B4DC0D00094DB34 /* LaunchScreen.xib */ = {
			isa = PBXVariantGroup;
			children = (
				4716A0931B4DC0D00094DB34 /* Base */,
			);
			name = LaunchScreen.xib;
			sourceTree = "<group>";
		};
/* End PBXVariantGroup section */

/* Begin XCBuildConfiguration section */
		4716A0A11B4DC0D10094DB34 /* Debug */ = {
			isa = XCBuildConfiguration;
			buildSettings = {
				ALWAYS_SEARCH_USER_PATHS = NO;
				CLANG_CXX_LANGUAGE_STANDARD = "gnu++0x";
				CLANG_CXX_LIBRARY = "libc++";
				CLANG_ENABLE_MODULES = YES;
				CLANG_ENABLE_OBJC_ARC = YES;
				CLANG_WARN_BOOL_CONVERSION = YES;
				CLANG_WARN_CONSTANT_CONVERSION = YES;
				CLANG_WARN_DIRECT_OBJC_ISA_USAGE = YES_ERROR;
				CLANG_WARN_EMPTY_BODY = YES;
				CLANG_WARN_ENUM_CONVERSION = YES;
				CLANG_WARN_INT_CONVERSION = YES;
				CLANG_WARN_OBJC_ROOT_CLASS = YES_ERROR;
				CLANG_WARN_UNREACHABLE_CODE = YES;
				CLANG_WARN__DUPLICATE_METHOD_MATCH = YES;
				"CODE_SIGN_IDENTITY[sdk=iphoneos*]" = "iPhone Developer";
				COPY_PHASE_STRIP = NO;
				DEBUG_INFORMATION_FORMAT = "dwarf-with-dsym";
				ENABLE_STRICT_OBJC_MSGSEND = YES;
				GCC_C_LANGUAGE_STANDARD = gnu99;
				GCC_DYNAMIC_NO_PIC = NO;
				GCC_NO_COMMON_BLOCKS = YES;
				GCC_OPTIMIZATION_LEVEL = 0;
				GCC_PREPROCESSOR_DEFINITIONS = (
					"DEBUG=1",
					"$(inherited)",
				);
				GCC_SYMBOLS_PRIVATE_EXTERN = NO;
				GCC_WARN_64_TO_32_BIT_CONVERSION = YES;
				GCC_WARN_ABOUT_RETURN_TYPE = YES_ERROR;
				GCC_WARN_UNDECLARED_SELECTOR = YES;
				GCC_WARN_UNINITIALIZED_AUTOS = YES_AGGRESSIVE;
				GCC_WARN_UNUSED_FUNCTION = YES;
				GCC_WARN_UNUSED_VARIABLE = YES;
				IPHONEOS_DEPLOYMENT_TARGET = 7.0;
				MTL_ENABLE_DEBUG_INFO = YES;
				ONLY_ACTIVE_ARCH = YES;
				SDKROOT = iphoneos;
			};
			name = Debug;
		};
		4716A0A21B4DC0D10094DB34 /* Release */ = {
			isa = XCBuildConfiguration;
			buildSettings = {
				ALWAYS_SEARCH_USER_PATHS = NO;
				CLANG_CXX_LANGUAGE_STANDARD = "gnu++0x";
				CLANG_CXX_LIBRARY = "libc++";
				CLANG_ENABLE_MODULES = YES;
				CLANG_ENABLE_OBJC_ARC = YES;
				CLANG_WARN_BOOL_CONVERSION = YES;
				CLANG_WARN_CONSTANT_CONVERSION = YES;
				CLANG_WARN_DIRECT_OBJC_ISA_USAGE = YES_ERROR;
				CLANG_WARN_EMPTY_BODY = YES;
				CLANG_WARN_ENUM_CONVERSION = YES;
				CLANG_WARN_INT_CONVERSION = YES;
				CLANG_WARN_OBJC_ROOT_CLASS = YES_ERROR;
				CLANG_WARN_UNREACHABLE_CODE = YES;
				CLANG_WARN__DUPLICATE_METHOD_MATCH = YES;
				"CODE_SIGN_IDENTITY[sdk=iphoneos*]" = "iPhone Developer";
				COPY_PHASE_STRIP = NO;
				DEBUG_INFORMATION_FORMAT = "dwarf-with-dsym";
				ENABLE_NS_ASSERTIONS = NO;
				ENABLE_STRICT_OBJC_MSGSEND = YES;
				GCC_C_LANGUAGE_STANDARD = gnu99;
				GCC_NO_COMMON_BLOCKS = YES;
				GCC_WARN_64_TO_32_BIT_CONVERSION = YES;
				GCC_WARN_ABOUT_RETURN_TYPE = YES_ERROR;
				GCC_WARN_UNDECLARED_SELECTOR = YES;
				GCC_WARN_UNINITIALIZED_AUTOS = YES_AGGRESSIVE;
				GCC_WARN_UNUSED_FUNCTION = YES;
				GCC_WARN_UNUSED_VARIABLE = YES;
				IPHONEOS_DEPLOYMENT_TARGET = 7.0;
				MTL_ENABLE_DEBUG_INFO = NO;
				SDKROOT = iphoneos;
				VALIDATE_PRODUCT = YES;
			};
			name = Release;
		};
		4716A0A41B4DC0D10094DB34 /* Debug */ = {
			isa = XCBuildConfiguration;
			buildSettings = {
				ASSETCATALOG_COMPILER_APPICON_NAME = AppIcon;
				INFOPLIST_FILE = "Simple Reader/Info.plist";
				IPHONEOS_DEPLOYMENT_TARGET = 8.0;
				LD_RUNPATH_SEARCH_PATHS = "$(inherited) @executable_path/Frameworks";
				PRODUCT_NAME = "Hesseblättche";
			};
			name = Debug;
		};
		4716A0A51B4DC0D10094DB34 /* Release */ = {
			isa = XCBuildConfiguration;
			buildSettings = {
				ASSETCATALOG_COMPILER_APPICON_NAME = AppIcon;
				INFOPLIST_FILE = "Simple Reader/Info.plist";
				IPHONEOS_DEPLOYMENT_TARGET = 8.0;
				LD_RUNPATH_SEARCH_PATHS = "$(inherited) @executable_path/Frameworks";
				PRODUCT_NAME = "Hesseblättche";
			};
			name = Release;
		};
		4716A0A71B4DC0D10094DB34 /* Debug */ = {
			isa = XCBuildConfiguration;
			buildSettings = {
				BUNDLE_LOADER = "$(TEST_HOST)";
				FRAMEWORK_SEARCH_PATHS = (
					"$(SDKROOT)/Developer/Library/Frameworks",
					"$(inherited)",
				);
				GCC_PREPROCESSOR_DEFINITIONS = (
					"DEBUG=1",
					"$(inherited)",
				);
				INFOPLIST_FILE = "Simple ReaderTests/Info.plist";
				LD_RUNPATH_SEARCH_PATHS = "$(inherited) @executable_path/Frameworks @loader_path/Frameworks";
				PRODUCT_NAME = "$(TARGET_NAME)";
				TEST_HOST = "$(BUILT_PRODUCTS_DIR)/Simple Reader.app/Simple Reader";
			};
			name = Debug;
		};
		4716A0A81B4DC0D10094DB34 /* Release */ = {
			isa = XCBuildConfiguration;
			buildSettings = {
				BUNDLE_LOADER = "$(TEST_HOST)";
				FRAMEWORK_SEARCH_PATHS = (
					"$(SDKROOT)/Developer/Library/Frameworks",
					"$(inherited)",
				);
				INFOPLIST_FILE = "Simple ReaderTests/Info.plist";
				LD_RUNPATH_SEARCH_PATHS = "$(inherited) @executable_path/Frameworks @loader_path/Frameworks";
				PRODUCT_NAME = "$(TARGET_NAME)";
				TEST_HOST = "$(BUILT_PRODUCTS_DIR)/Simple Reader.app/Simple Reader";
			};
			name = Release;
		};
/* End XCBuildConfiguration section */

/* Begin XCConfigurationList section */
		4716A0781B4DC0D00094DB34 /* Build configuration list for PBXProject "Simple Reader" */ = {
			isa = XCConfigurationList;
			buildConfigurations = (
				4716A0A11B4DC0D10094DB34 /* Debug */,
				4716A0A21B4DC0D10094DB34 /* Release */,
			);
			defaultConfigurationIsVisible = 0;
			defaultConfigurationName = Release;
		};
		4716A0A31B4DC0D10094DB34 /* Build configuration list for PBXNativeTarget "Simple Reader" */ = {
			isa = XCConfigurationList;
			buildConfigurations = (
				4716A0A41B4DC0D10094DB34 /* Debug */,
				4716A0A51B4DC0D10094DB34 /* Release */,
			);
			defaultConfigurationIsVisible = 0;
			defaultConfigurationName = Release;
		};
		4716A0A61B4DC0D10094DB34 /* Build configuration list for PBXNativeTarget "Simple ReaderTests" */ = {
			isa = XCConfigurationList;
			buildConfigurations = (
				4716A0A71B4DC0D10094DB34 /* Debug */,
				4716A0A81B4DC0D10094DB34 /* Release */,
			);
			defaultConfigurationIsVisible = 0;
			defaultConfigurationName = Release;
		};
/* End XCConfigurationList section */
	};
	rootObject = 4716A0751B4DC0D00094DB34 /* Project object */;
}
